
Microsoft Visual Studio Solution File, Format Version 12.00
# Visual Studio Version 17
VisualStudioVersion = 17.7.34024.191
MinimumVisualStudioVersion = 10.0.40219.1
Project("{FAE04EC0-301F-11D3-BF4B-00C04F79EFBC}") = "MediaCapture", "MediaCapture.csproj", "{5163534B-CAD0-445A-A077-D498FDAE3701}"
EndProject
Global
	GlobalSection(SolutionConfigurationPlatforms) = preSolution
		Debug|Any CPU = Debug|Any CPU
		Release|Any CPU = Release|Any CPU
	EndGlobalSection
	GlobalSection(ProjectConfigurationPlatforms) = postSolution
		{5163534B-CAD0-445A-A077-D498FDAE3701}.Debug|Any CPU.ActiveCfg = Debug|Any CPU
		{5163534B-CAD0-445A-A077-D498FDAE3701}.Debug|Any CPU.Build.0 = Debug|Any CPU
		{5163534B-CAD0-445A-A077-D498FDAE3701}.Release|Any CPU.ActiveCfg = Release|Any CPU
		{5163534B-CAD0-445A-A077-D498FDAE3701}.Release|Any CPU.Build.0 = Release|Any CPU
	EndGlobalSection
	GlobalSection(SolutionProperties) = preSolution
		HideSolutionNode = FALSE
	EndGlobalSection
	GlobalSection(ExtensibilityGlobals) = postSolution
		SolutionGuid = {45FED063-CE35-4EC3-8371-80E6C4D8C383}
	EndGlobalSection
EndGlobal
